// !$*UTF8*$!
{
	archiveVersion = 1;
	classes = {
	};
	objectVersion = 77;
	objects = {

/* Begin PBXBuildFile section */
		15D25A62CA1B6CE089805545 /* InfoPlist.xcstrings in Resources */ = {isa = PBXBuildFile; fileRef = BC78C495574B67DC3A62DD58 /* InfoPlist.xcstrings */; };
		160B94904E56E554BF007200 /* OfflineNetworkMonitor.swift in Sources */ = {isa = PBXBuildFile; fileRef = 97DA0C496FBFCC1A12CC0035 /* OfflineNetworkMonitor.swift */; };
		164928C3B65F12CC1EDBE3A4 /* Localizable.xcstrings in Resources */ = {isa = PBXBuildFile; fileRef = F644B0BD4E661B221F5D1E14 /* Localizable.xcstrings */; };
		1FEEF4CE8F655A2AEA74B338 /* Assets.xcassets in Resources */ = {isa = PBXBuildFile; fileRef = 431D3B4EB7E8E29B11E16504 /* Assets.xcassets */; };
		29943348EB4F85F13AC09832 /* BitcoinEncoding.swift in Sources */ = {isa = PBXBuildFile; fileRef = 19B8F3967EB802BB9145C2BE /* BitcoinEncoding.swift */; };
		3B166D2F071E21A29B47AAA5 /* BitcoinWalletEngine.swift in Sources */ = {isa = PBXBuildFile; fileRef = B533E722EA250E78376F9607 /* BitcoinWalletEngine.swift */; };
		4C5B0FE770C890906B4FF468 /* SignerWalletVault.swift in Sources */ = {isa = PBXBuildFile; fileRef = 09157C1B583AEEBC061B6CED /* SignerWalletVault.swift */; };
		5AD4F98C6FD0BFC97929C1B2 /* NetworkIsolationPolicy.swift in Sources */ = {isa = PBXBuildFile; fileRef = 65E95800C62EA06E860E435E /* NetworkIsolationPolicy.swift */; };
		699688B4168380369414A9AA /* SignerSetupFlowView.swift in Sources */ = {isa = PBXBuildFile; fileRef = FC8BAE5A89ED0478F76C7644 /* SignerSetupFlowView.swift */; };
		711C59CC8B3280DA44B673DE /* GlaceSignerApp.swift in Sources */ = {isa = PBXBuildFile; fileRef = 0BD280B6421EA80EEAD09ED4 /* GlaceSignerApp.swift */; };
		8A34AED59FC5959D7A0ED7D5 /* PasscodeConfirmation.swift in Sources */ = {isa = PBXBuildFile; fileRef = 3526C72EAC554AEDD9B80234 /* PasscodeConfirmation.swift */; };
		8AA0DD626BD4D25E71D94FAB /* PasscodeConfirmationTests.swift in Sources */ = {isa = PBXBuildFile; fileRef = BF44A997B1B28D82DA9B53AB /* PasscodeConfirmationTests.swift */; };
		8E1A6F2F727098FA1FF3B593 /* BitcoinWalletEngineTests.swift in Sources */ = {isa = PBXBuildFile; fileRef = 6CAB67F19073707EC4B43B85 /* BitcoinWalletEngineTests.swift */; };
		99167D9D89902655A6818677 /* english.txt in Resources */ = {isa = PBXBuildFile; fileRef = 2A9AF36A1A01087E674BBF5E /* english.txt */; };
		BA6C140AD8E34DCE64D75DAD /* P256K in Frameworks */ = {isa = PBXBuildFile; productRef = 17253041ADBCB150CD3AC4E8 /* P256K */; };
		C04C58B8A5D1A1244D8DA4D3 /* PasscodeSetupView.swift in Sources */ = {isa = PBXBuildFile; fileRef = 570165294A6E1DF2AEE677CC /* PasscodeSetupView.swift */; };
		C4449C6B7A9F0B513A4836E8 /* BIP39.swift in Sources */ = {isa = PBXBuildFile; fileRef = 21D3B9A7571AD25E7D7924DA /* BIP39.swift */; };
		CA91A017ACEFBDC6D7E0EC28 /* NetworkIsolationPolicyTests.swift in Sources */ = {isa = PBXBuildFile; fileRef = 828E551859E588D4679D4F1C /* NetworkIsolationPolicyTests.swift */; };
		CE8989ACBCEFBDE88B9437C7 /* RIPEMD160 in Frameworks */ = {isa = PBXBuildFile; productRef = 7E15621AA15F2845F4F3AF83 /* RIPEMD160 */; };
		E945EA8E9A8FA1B61EE2D208 /* SignerOnboardingView.swift in Sources */ = {isa = PBXBuildFile; fileRef = 0FAA5A054308644AD09A6CA1 /* SignerOnboardingView.swift */; };
/* End PBXBuildFile section */

/* Begin PBXContainerItemProxy section */
		90CECE071D9848D522B9562A /* PBXContainerItemProxy */ = {
			isa = PBXContainerItemProxy;
			containerPortal = B73480543E3FCC04491D5B56 /* Project object */;
			proxyType = 1;
			remoteGlobalIDString = A2216F77591DCBAD41F7B8F4;
			remoteInfo = GlaceSigner;
		};
/* End PBXContainerItemProxy section */

/* Begin PBXFileReference section */
		09157C1B583AEEBC061B6CED /* SignerWalletVault.swift */ = {isa = PBXFileReference; lastKnownFileType = sourcecode.swift; path = SignerWalletVault.swift; sourceTree = "<group>"; };
		0BD280B6421EA80EEAD09ED4 /* GlaceSignerApp.swift */ = {isa = PBXFileReference; lastKnownFileType = sourcecode.swift; path = GlaceSignerApp.swift; sourceTree = "<group>"; };
		0FAA5A054308644AD09A6CA1 /* SignerOnboardingView.swift */ = {isa = PBXFileReference; lastKnownFileType = sourcecode.swift; path = SignerOnboardingView.swift; sourceTree = "<group>"; };
		19B8F3967EB802BB9145C2BE /* BitcoinEncoding.swift */ = {isa = PBXFileReference; lastKnownFileType = sourcecode.swift; path = BitcoinEncoding.swift; sourceTree = "<group>"; };
		21D3B9A7571AD25E7D7924DA /* BIP39.swift */ = {isa = PBXFileReference; lastKnownFileType = sourcecode.swift; path = BIP39.swift; sourceTree = "<group>"; };
		2A9AF36A1A01087E674BBF5E /* english.txt */ = {isa = PBXFileReference; lastKnownFileType = text; path = english.txt; sourceTree = "<group>"; };
		33401D392F60528FECD02210 /* GlaceSigner.app */ = {isa = PBXFileReference; includeInIndex = 0; lastKnownFileType = wrapper.application; path = GlaceSigner.app; sourceTree = BUILT_PRODUCTS_DIR; };
		3526C72EAC554AEDD9B80234 /* PasscodeConfirmation.swift */ = {isa = PBXFileReference; lastKnownFileType = sourcecode.swift; path = PasscodeConfirmation.swift; sourceTree = "<group>"; };
		431D3B4EB7E8E29B11E16504 /* Assets.xcassets */ = {isa = PBXFileReference; lastKnownFileType = folder.assetcatalog; path = Assets.xcassets; sourceTree = "<group>"; };
		570165294A6E1DF2AEE677CC /* PasscodeSetupView.swift */ = {isa = PBXFileReference; lastKnownFileType = sourcecode.swift; path = PasscodeSetupView.swift; sourceTree = "<group>"; };
		65E95800C62EA06E860E435E /* NetworkIsolationPolicy.swift */ = {isa = PBXFileReference; lastKnownFileType = sourcecode.swift; path = NetworkIsolationPolicy.swift; sourceTree = "<group>"; };
		6CAB67F19073707EC4B43B85 /* BitcoinWalletEngineTests.swift */ = {isa = PBXFileReference; lastKnownFileType = sourcecode.swift; path = BitcoinWalletEngineTests.swift; sourceTree = "<group>"; };
		828E551859E588D4679D4F1C /* NetworkIsolationPolicyTests.swift */ = {isa = PBXFileReference; lastKnownFileType = sourcecode.swift; path = NetworkIsolationPolicyTests.swift; sourceTree = "<group>"; };
		97DA0C496FBFCC1A12CC0035 /* OfflineNetworkMonitor.swift */ = {isa = PBXFileReference; lastKnownFileType = sourcecode.swift; path = OfflineNetworkMonitor.swift; sourceTree = "<group>"; };
		B533E722EA250E78376F9607 /* BitcoinWalletEngine.swift */ = {isa = PBXFileReference; lastKnownFileType = sourcecode.swift; path = BitcoinWalletEngine.swift; sourceTree = "<group>"; };
		BC78C495574B67DC3A62DD58 /* InfoPlist.xcstrings */ = {isa = PBXFileReference; lastKnownFileType = text.json.xcstrings; path = InfoPlist.xcstrings; sourceTree = "<group>"; };
		BF44A997B1B28D82DA9B53AB /* PasscodeConfirmationTests.swift */ = {isa = PBXFileReference; lastKnownFileType = sourcecode.swift; path = PasscodeConfirmationTests.swift; sourceTree = "<group>"; };
		F46E8ED647396BBC4600DAB0 /* GlaceSignerTests.xctest */ = {isa = PBXFileReference; includeInIndex = 0; lastKnownFileType = wrapper.cfbundle; path = GlaceSignerTests.xctest; sourceTree = BUILT_PRODUCTS_DIR; };
		F644B0BD4E661B221F5D1E14 /* Localizable.xcstrings */ = {isa = PBXFileReference; lastKnownFileType = text.json.xcstrings; path = Localizable.xcstrings; sourceTree = "<group>"; };
		FC8BAE5A89ED0478F76C7644 /* SignerSetupFlowView.swift */ = {isa = PBXFileReference; lastKnownFileType = sourcecode.swift; path = SignerSetupFlowView.swift; sourceTree = "<group>"; };
/* End PBXFileReference section */

/* Begin PBXFrameworksBuildPhase section */
		EC00A1ECE8C16EEAD4B9262D /* Frameworks */ = {
			isa = PBXFrameworksBuildPhase;
			buildActionMask = 2147483647;
			files = (
				CE8989ACBCEFBDE88B9437C7 /* RIPEMD160 in Frameworks */,
				BA6C140AD8E34DCE64D75DAD /* P256K in Frameworks */,
			);
			runOnlyForDeploymentPostprocessing = 0;
		};
/* End PBXFrameworksBuildPhase section */

/* Begin PBXGroup section */
		0194C78CDD9472EFC277D79B /* Resources */ = {
			isa = PBXGroup;
			children = (
				DEE1391502EEC62994F49655 /* BIP39 */,
				431D3B4EB7E8E29B11E16504 /* Assets.xcassets */,
				BC78C495574B67DC3A62DD58 /* InfoPlist.xcstrings */,
				F644B0BD4E661B221F5D1E14 /* Localizable.xcstrings */,
			);
			path = Resources;
			sourceTree = "<group>";
		};
		1C000AA32F0832B70FBD0BA1 = {
			isa = PBXGroup;
			children = (
				72FA69E73CA25FC700E078C5 /* GlaceSigner */,
				253805E8606F23FF4FA773C9 /* GlaceSignerTests */,
				60EE0D4E8FB3DB9001E81F8A /* Products */,
			);
			sourceTree = "<group>";
		};
		253805E8606F23FF4FA773C9 /* GlaceSignerTests */ = {
			isa = PBXGroup;
			children = (
				6CAB67F19073707EC4B43B85 /* BitcoinWalletEngineTests.swift */,
				828E551859E588D4679D4F1C /* NetworkIsolationPolicyTests.swift */,
				BF44A997B1B28D82DA9B53AB /* PasscodeConfirmationTests.swift */,
			);
			path = GlaceSignerTests;
			sourceTree = "<group>";
		};
		335D490FD17D3D547617917F /* Passcode */ = {
			isa = PBXGroup;
			children = (
				570165294A6E1DF2AEE677CC /* PasscodeSetupView.swift */,
			);
			path = Passcode;
			sourceTree = "<group>";
		};
		60EE0D4E8FB3DB9001E81F8A /* Products */ = {
			isa = PBXGroup;
			children = (
				33401D392F60528FECD02210 /* GlaceSigner.app */,
				F46E8ED647396BBC4600DAB0 /* GlaceSignerTests.xctest */,
			);
			name = Products;
			sourceTree = "<group>";
		};
		72FA69E73CA25FC700E078C5 /* GlaceSigner */ = {
			isa = PBXGroup;
			children = (
				92D55004D9305F9886387E10 /* Bitcoin */,
				F07AF96FE6D189C8BD34B80F /* Features */,
				0194C78CDD9472EFC277D79B /* Resources */,
				9C5BF17FB8EF87FB80214BC3 /* Security */,
				0BD280B6421EA80EEAD09ED4 /* GlaceSignerApp.swift */,
			);
			path = GlaceSigner;
			sourceTree = "<group>";
		};
		92D55004D9305F9886387E10 /* Bitcoin */ = {
			isa = PBXGroup;
			children = (
				21D3B9A7571AD25E7D7924DA /* BIP39.swift */,
				19B8F3967EB802BB9145C2BE /* BitcoinEncoding.swift */,
				B533E722EA250E78376F9607 /* BitcoinWalletEngine.swift */,
			);
			path = Bitcoin;
			sourceTree = "<group>";
		};
		9C5BF17FB8EF87FB80214BC3 /* Security */ = {
			isa = PBXGroup;
			children = (
				65E95800C62EA06E860E435E /* NetworkIsolationPolicy.swift */,
				97DA0C496FBFCC1A12CC0035 /* OfflineNetworkMonitor.swift */,
				3526C72EAC554AEDD9B80234 /* PasscodeConfirmation.swift */,
				09157C1B583AEEBC061B6CED /* SignerWalletVault.swift */,
			);
			path = Security;
			sourceTree = "<group>";
		};
		CED8B68931E6E4393A746CEC /* Onboarding */ = {
			isa = PBXGroup;
			children = (
				0FAA5A054308644AD09A6CA1 /* SignerOnboardingView.swift */,
			);
			path = Onboarding;
			sourceTree = "<group>";
		};
		DEE1391502EEC62994F49655 /* BIP39 */ = {
			isa = PBXGroup;
			children = (
				2A9AF36A1A01087E674BBF5E /* english.txt */,
			);
			path = BIP39;
			sourceTree = "<group>";
		};
		E4FBE29E3A8380FE99FDE97B /* Setup */ = {
			isa = PBXGroup;
			children = (
				FC8BAE5A89ED0478F76C7644 /* SignerSetupFlowView.swift */,
			);
			path = Setup;
			sourceTree = "<group>";
		};
		F07AF96FE6D189C8BD34B80F /* Features */ = {
			isa = PBXGroup;
			children = (
				CED8B68931E6E4393A746CEC /* Onboarding */,
				335D490FD17D3D547617917F /* Passcode */,
				E4FBE29E3A8380FE99FDE97B /* Setup */,
			);
			path = Features;
			sourceTree = "<group>";
		};
/* End PBXGroup section */

/* Begin PBXNativeTarget section */
		05BEF35A027383F9E54F0B55 /* GlaceSignerTests */ = {
			isa = PBXNativeTarget;
			buildConfigurationList = 82868EE204C873CEF010318D /* Build configuration list for PBXNativeTarget "GlaceSignerTests" */;
			buildPhases = (
				D62CEAF5F2C023DC29E1AB5B /* Sources */,
			);
			buildRules = (
			);
			dependencies = (
				4E9A77E77BC4918178398254 /* PBXTargetDependency */,
			);
			name = GlaceSignerTests;
			packageProductDependencies = (
			);
			productName = GlaceSignerTests;
			productReference = F46E8ED647396BBC4600DAB0 /* GlaceSignerTests.xctest */;
			productType = "com.apple.product-type.bundle.unit-test";
		};
		A2216F77591DCBAD41F7B8F4 /* GlaceSigner */ = {
			isa = PBXNativeTarget;
			buildConfigurationList = 1D75ACADD329A89E0D1A5223 /* Build configuration list for PBXNativeTarget "GlaceSigner" */;
			buildPhases = (
				3FB707AC3EF0FE010BB57944 /* Sources */,
				AFDB9F3EFD7222815A09AE6A /* Resources */,
				EC00A1ECE8C16EEAD4B9262D /* Frameworks */,
			);
			buildRules = (
			);
			dependencies = (
			);
			name = GlaceSigner;
			packageProductDependencies = (
				7E15621AA15F2845F4F3AF83 /* RIPEMD160 */,
				17253041ADBCB150CD3AC4E8 /* P256K */,
			);
			productName = GlaceSigner;
			productReference = 33401D392F60528FECD02210 /* GlaceSigner.app */;
			productType = "com.apple.product-type.application";
		};
/* End PBXNativeTarget section */

/* Begin PBXProject section */
		B73480543E3FCC04491D5B56 /* Project object */ = {
			isa = PBXProject;
			attributes = {
				BuildIndependentTargetsInParallel = YES;
				LastUpgradeCheck = 2660;
				TargetAttributes = {
					A2216F77591DCBAD41F7B8F4 = {
						ProvisioningStyle = Automatic;
					};
				};
			};
			buildConfigurationList = 28954CB8C121A7A879D6A560 /* Build configuration list for PBXProject "GlaceSigner" */;
			developmentRegion = en;
			hasScannedForEncodings = 0;
			knownRegions = (
				Base,
				en,
			);
			mainGroup = 1C000AA32F0832B70FBD0BA1;
			minimizedProjectReferenceProxies = 1;
			packageReferences = (
				4142040A6E6D92D37F992F37 /* XCRemoteSwiftPackageReference "ripemd160" */,
				1599659F004CD99FE0CA9155 /* XCRemoteSwiftPackageReference "swift-secp256k1" */,
			);
			preferredProjectObjectVersion = 77;
			productRefGroup = 60EE0D4E8FB3DB9001E81F8A /* Products */;
			projectDirPath = "";
			projectRoot = "";
			targets = (
				A2216F77591DCBAD41F7B8F4 /* GlaceSigner */,
				05BEF35A027383F9E54F0B55 /* GlaceSignerTests */,
			);
		};
/* End PBXProject section */

/* Begin PBXResourcesBuildPhase section */
		AFDB9F3EFD7222815A09AE6A /* Resources */ = {
			isa = PBXResourcesBuildPhase;
			buildActionMask = 2147483647;
			files = (
				1FEEF4CE8F655A2AEA74B338 /* Assets.xcassets in Resources */,
				15D25A62CA1B6CE089805545 /* InfoPlist.xcstrings in Resources */,
				164928C3B65F12CC1EDBE3A4 /* Localizable.xcstrings in Resources */,
				99167D9D89902655A6818677 /* english.txt in Resources */,
			);
			runOnlyForDeploymentPostprocessing = 0;
		};
/* End PBXResourcesBuildPhase section */

/* Begin PBXSourcesBuildPhase section */
		3FB707AC3EF0FE010BB57944 /* Sources */ = {
			isa = PBXSourcesBuildPhase;
			buildActionMask = 2147483647;
			files = (
				C4449C6B7A9F0B513A4836E8 /* BIP39.swift in Sources */,
				29943348EB4F85F13AC09832 /* BitcoinEncoding.swift in Sources */,
				3B166D2F071E21A29B47AAA5 /* BitcoinWalletEngine.swift in Sources */,
				711C59CC8B3280DA44B673DE /* GlaceSignerApp.swift in Sources */,
				5AD4F98C6FD0BFC97929C1B2 /* NetworkIsolationPolicy.swift in Sources */,
				160B94904E56E554BF007200 /* OfflineNetworkMonitor.swift in Sources */,
				8A34AED59FC5959D7A0ED7D5 /* PasscodeConfirmation.swift in Sources */,
				C04C58B8A5D1A1244D8DA4D3 /* PasscodeSetupView.swift in Sources */,
				E945EA8E9A8FA1B61EE2D208 /* SignerOnboardingView.swift in Sources */,
				699688B4168380369414A9AA /* SignerSetupFlowView.swift in Sources */,
				4C5B0FE770C890906B4FF468 /* SignerWalletVault.swift in Sources */,
			);
			runOnlyForDeploymentPostprocessing = 0;
		};
		D62CEAF5F2C023DC29E1AB5B /* Sources */ = {
			isa = PBXSourcesBuildPhase;
			buildActionMask = 2147483647;
			files = (
				8E1A6F2F727098FA1FF3B593 /* BitcoinWalletEngineTests.swift in Sources */,
				CA91A017ACEFBDC6D7E0EC28 /* NetworkIsolationPolicyTests.swift in Sources */,
				8AA0DD626BD4D25E71D94FAB /* PasscodeConfirmationTests.swift in Sources */,
			);
			runOnlyForDeploymentPostprocessing = 0;
		};
/* End PBXSourcesBuildPhase section */

/* Begin PBXTargetDependency section */
		4E9A77E77BC4918178398254 /* PBXTargetDependency */ = {
			isa = PBXTargetDependency;
			target = A2216F77591DCBAD41F7B8F4 /* GlaceSigner */;
			targetProxy = 90CECE071D9848D522B9562A /* PBXContainerItemProxy */;
		};
/* End PBXTargetDependency section */

/* Begin XCBuildConfiguration section */
		0CE90625F4827EE85D16383E /* Debug */ = {
			isa = XCBuildConfiguration;
			buildSettings = {
				ASSETCATALOG_COMPILER_APPICON_NAME = AppIcon;
				CODE_SIGN_IDENTITY = "iPhone Developer";
				CODE_SIGN_STYLE = Automatic;
				CURRENT_PROJECT_VERSION = 1;
				ENABLE_PREVIEWS = YES;
				GENERATE_INFOPLIST_FILE = YES;
				INFOPLIST_KEY_CFBundleDisplayName = GlaceSigner;
				INFOPLIST_KEY_LSApplicationCategoryType = "public.app-category.finance";
				INFOPLIST_KEY_UIApplicationSceneManifest_Generation = YES;
				INFOPLIST_KEY_UIApplicationSupportsIndirectInputEvents = YES;
				INFOPLIST_KEY_UILaunchScreen_Generation = YES;
				INFOPLIST_KEY_UISupportedInterfaceOrientations_iPad = "UIInterfaceOrientationPortrait UIInterfaceOrientationPortraitUpsideDown UIInterfaceOrientationLandscapeLeft UIInterfaceOrientationLandscapeRight";
				INFOPLIST_KEY_UISupportedInterfaceOrientations_iPhone = "UIInterfaceOrientationPortrait UIInterfaceOrientationLandscapeLeft UIInterfaceOrientationLandscapeRight";
				INFOPLIST_KEY_UIUserInterfaceStyle = Light;
				LD_RUNPATH_SEARCH_PATHS = (
					"$(inherited)",
					"@executable_path/Frameworks",
				);
				MARKETING_VERSION = 0.1.0;
				PRODUCT_BUNDLE_IDENTIFIER = com.devdasx.glace.signer;
				PRODUCT_NAME = GlaceSigner;
				SDKROOT = iphoneos;
				SUPPORTS_MACCATALYST = NO;
				SUPPORTS_MAC_DESIGNED_FOR_IPHONE_IPAD = NO;
				SWIFT_DEFAULT_ACTOR_ISOLATION = MainActor;
				TARGETED_DEVICE_FAMILY = "1,2";
			};
			name = Debug;
		};
		348C6CD480EC5047D2CA775C /* Release */ = {
			isa = XCBuildConfiguration;
			buildSettings = {
				ASSETCATALOG_COMPILER_APPICON_NAME = AppIcon;
				CODE_SIGN_IDENTITY = "iPhone Developer";
				CODE_SIGN_STYLE = Automatic;
				CURRENT_PROJECT_VERSION = 1;
				ENABLE_PREVIEWS = YES;
				GENERATE_INFOPLIST_FILE = YES;
				INFOPLIST_KEY_CFBundleDisplayName = GlaceSigner;
				INFOPLIST_KEY_LSApplicationCategoryType = "public.app-category.finance";
				INFOPLIST_KEY_UIApplicationSceneManifest_Generation = YES;
				INFOPLIST_KEY_UIApplicationSupportsIndirectInputEvents = YES;
				INFOPLIST_KEY_UILaunchScreen_Generation = YES;
				INFOPLIST_KEY_UISupportedInterfaceOrientations_iPad = "UIInterfaceOrientationPortrait UIInterfaceOrientationPortraitUpsideDown UIInterfaceOrientationLandscapeLeft UIInterfaceOrientationLandscapeRight";
				INFOPLIST_KEY_UISupportedInterfaceOrientations_iPhone = "UIInterfaceOrientationPortrait UIInterfaceOrientationLandscapeLeft UIInterfaceOrientationLandscapeRight";
				INFOPLIST_KEY_UIUserInterfaceStyle = Light;
				LD_RUNPATH_SEARCH_PATHS = (
					"$(inherited)",
					"@executable_path/Frameworks",
				);
				MARKETING_VERSION = 0.1.0;
				PRODUCT_BUNDLE_IDENTIFIER = com.devdasx.glace.signer;
				PRODUCT_NAME = GlaceSigner;
				SDKROOT = iphoneos;
				SUPPORTS_MACCATALYST = NO;
				SUPPORTS_MAC_DESIGNED_FOR_IPHONE_IPAD = NO;
				SWIFT_DEFAULT_ACTOR_ISOLATION = MainActor;
				TARGETED_DEVICE_FAMILY = "1,2";
			};
			name = Release;
		};
		68BB2927D9860B5BF77B5EA2 /* Debug */ = {
			isa = XCBuildConfiguration;
			buildSettings = {
				BUNDLE_LOADER = "$(TEST_HOST)";
				GENERATE_INFOPLIST_FILE = YES;
				LD_RUNPATH_SEARCH_PATHS = (
					"$(inherited)",
					"@executable_path/Frameworks",
					"@loader_path/Frameworks",
				);
				PRODUCT_BUNDLE_IDENTIFIER = com.devdasx.glace.signer.tests;
				SDKROOT = iphoneos;
				SWIFT_DEFAULT_ACTOR_ISOLATION = MainActor;
				TARGETED_DEVICE_FAMILY = "1,2";
				TEST_HOST = "$(BUILT_PRODUCTS_DIR)/GlaceSigner.app/GlaceSigner";
			};
			name = Debug;
		};
		B786DB6FEA1F86E5E5F26631 /* Release */ = {
			isa = XCBuildConfiguration;
			buildSettings = {
				BUNDLE_LOADER = "$(TEST_HOST)";
				GENERATE_INFOPLIST_FILE = YES;
				LD_RUNPATH_SEARCH_PATHS = (
					"$(inherited)",
					"@executable_path/Frameworks",
					"@loader_path/Frameworks",
				);
				PRODUCT_BUNDLE_IDENTIFIER = com.devdasx.glace.signer.tests;
				SDKROOT = iphoneos;
				SWIFT_DEFAULT_ACTOR_ISOLATION = MainActor;
				TARGETED_DEVICE_FAMILY = "1,2";
				TEST_HOST = "$(BUILT_PRODUCTS_DIR)/GlaceSigner.app/GlaceSigner";
			};
			name = Release;
		};
		C149033C72803B9A6A8EA55B /* Release */ = {
			isa = XCBuildConfiguration;
			buildSettings = {
				ALWAYS_SEARCH_USER_PATHS = NO;
				CLANG_ANALYZER_LOCALIZABILITY_NONLOCALIZED = YES;
				CLANG_ANALYZER_NONNULL = YES;
				CLANG_ANALYZER_NUMBER_OBJECT_CONVERSION = YES_AGGRESSIVE;
				CLANG_CXX_LANGUAGE_STANDARD = "gnu++14";
				CLANG_CXX_LIBRARY = "libc++";
				CLANG_ENABLE_MODULES = YES;
				CLANG_ENABLE_OBJC_ARC = YES;
				CLANG_ENABLE_OBJC_WEAK = YES;
				CLANG_WARN_BLOCK_CAPTURE_AUTORELEASING = YES;
				CLANG_WARN_BOOL_CONVERSION = YES;
				CLANG_WARN_COMMA = YES;
				CLANG_WARN_CONSTANT_CONVERSION = YES;
				CLANG_WARN_DEPRECATED_OBJC_IMPLEMENTATIONS = YES;
				CLANG_WARN_DIRECT_OBJC_ISA_USAGE = YES_ERROR;
				CLANG_WARN_DOCUMENTATION_COMMENTS = YES;
				CLANG_WARN_EMPTY_BODY = YES;
				CLANG_WARN_ENUM_CONVERSION = YES;
				CLANG_WARN_INFINITE_RECURSION = YES;
				CLANG_WARN_INT_CONVERSION = YES;
				CLANG_WARN_NON_LITERAL_NULL_CONVERSION = YES;
				CLANG_WARN_OBJC_IMPLICIT_RETAIN_SELF = YES;
				CLANG_WARN_OBJC_LITERAL_CONVERSION = YES;
				CLANG_WARN_OBJC_ROOT_CLASS = YES_ERROR;
				CLANG_WARN_QUOTED_INCLUDE_IN_FRAMEWORK_HEADER = YES;
				CLANG_WARN_RANGE_LOOP_ANALYSIS = YES;
				CLANG_WARN_STRICT_PROTOTYPES = YES;
				CLANG_WARN_SUSPICIOUS_MOVE = YES;
				CLANG_WARN_UNGUARDED_AVAILABILITY = YES_AGGRESSIVE;
				CLANG_WARN_UNREACHABLE_CODE = YES;
				CLANG_WARN__DUPLICATE_METHOD_MATCH = YES;
				COPY_PHASE_STRIP = NO;
				DEBUG_INFORMATION_FORMAT = "dwarf-with-dsym";
				ENABLE_NS_ASSERTIONS = NO;
				ENABLE_STRICT_OBJC_MSGSEND = YES;
				ENABLE_USER_SCRIPT_SANDBOXING = YES;
				GCC_C_LANGUAGE_STANDARD = gnu11;
				GCC_NO_COMMON_BLOCKS = YES;
				GCC_WARN_64_TO_32_BIT_CONVERSION = YES;
				GCC_WARN_ABOUT_RETURN_TYPE = YES_ERROR;
				GCC_WARN_UNDECLARED_SELECTOR = YES;
				GCC_WARN_UNINITIALIZED_AUTOS = YES_AGGRESSIVE;
				GCC_WARN_UNUSED_FUNCTION = YES;
				GCC_WARN_UNUSED_VARIABLE = YES;
				IPHONEOS_DEPLOYMENT_TARGET = 26.0;
				LOCALIZATION_PREFERS_STRING_CATALOGS = YES;
				MTL_ENABLE_DEBUG_INFO = NO;
				MTL_FAST_MATH = YES;
				PRODUCT_NAME = "$(TARGET_NAME)";
				SDKROOT = iphoneos;
				SWIFT_COMPILATION_MODE = wholemodule;
				SWIFT_OPTIMIZATION_LEVEL = "-O";
				SWIFT_STRICT_CONCURRENCY = complete;
				SWIFT_VERSION = 6.0;
				TARGETED_DEVICE_FAMILY = "1,2";
			};
			name = Release;
		};
		ED97EE7645ED06EEED04CFA7 /* Debug */ = {
			isa = XCBuildConfiguration;
			buildSettings = {
				ALWAYS_SEARCH_USER_PATHS = NO;
				CLANG_ANALYZER_LOCALIZABILITY_NONLOCALIZED = YES;
				CLANG_ANALYZER_NONNULL = YES;
				CLANG_ANALYZER_NUMBER_OBJECT_CONVERSION = YES_AGGRESSIVE;
				CLANG_CXX_LANGUAGE_STANDARD = "gnu++14";
				CLANG_CXX_LIBRARY = "libc++";
				CLANG_ENABLE_MODULES = YES;
				CLANG_ENABLE_OBJC_ARC = YES;
				CLANG_ENABLE_OBJC_WEAK = YES;
				CLANG_WARN_BLOCK_CAPTURE_AUTORELEASING = YES;
				CLANG_WARN_BOOL_CONVERSION = YES;
				CLANG_WARN_COMMA = YES;
				CLANG_WARN_CONSTANT_CONVERSION = YES;
				CLANG_WARN_DEPRECATED_OBJC_IMPLEMENTATIONS = YES;
				CLANG_WARN_DIRECT_OBJC_ISA_USAGE = YES_ERROR;
				CLANG_WARN_DOCUMENTATION_COMMENTS = YES;
				CLANG_WARN_EMPTY_BODY = YES;
				CLANG_WARN_ENUM_CONVERSION = YES;
				CLANG_WARN_INFINITE_RECURSION = YES;
				CLANG_WARN_INT_CONVERSION = YES;
				CLANG_WARN_NON_LITERAL_NULL_CONVERSION = YES;
				CLANG_WARN_OBJC_IMPLICIT_RETAIN_SELF = YES;
				CLANG_WARN_OBJC_LITERAL_CONVERSION = YES;
				CLANG_WARN_OBJC_ROOT_CLASS = YES_ERROR;
				CLANG_WARN_QUOTED_INCLUDE_IN_FRAMEWORK_HEADER = YES;
				CLANG_WARN_RANGE_LOOP_ANALYSIS = YES;
				CLANG_WARN_STRICT_PROTOTYPES = YES;
				CLANG_WARN_SUSPICIOUS_MOVE = YES;
				CLANG_WARN_UNGUARDED_AVAILABILITY = YES_AGGRESSIVE;
				CLANG_WARN_UNREACHABLE_CODE = YES;
				CLANG_WARN__DUPLICATE_METHOD_MATCH = YES;
				COPY_PHASE_STRIP = NO;
				DEBUG_INFORMATION_FORMAT = dwarf;
				ENABLE_STRICT_OBJC_MSGSEND = YES;
				ENABLE_TESTABILITY = YES;
				ENABLE_USER_SCRIPT_SANDBOXING = YES;
				GCC_C_LANGUAGE_STANDARD = gnu11;
				GCC_DYNAMIC_NO_PIC = NO;
				GCC_NO_COMMON_BLOCKS = YES;
				GCC_OPTIMIZATION_LEVEL = 0;
				GCC_PREPROCESSOR_DEFINITIONS = (
					"$(inherited)",
					"DEBUG=1",
				);
				GCC_WARN_64_TO_32_BIT_CONVERSION = YES;
				GCC_WARN_ABOUT_RETURN_TYPE = YES_ERROR;
				GCC_WARN_UNDECLARED_SELECTOR = YES;
				GCC_WARN_UNINITIALIZED_AUTOS = YES_AGGRESSIVE;
				GCC_WARN_UNUSED_FUNCTION = YES;
				GCC_WARN_UNUSED_VARIABLE = YES;
				IPHONEOS_DEPLOYMENT_TARGET = 26.0;
				LOCALIZATION_PREFERS_STRING_CATALOGS = YES;
				MTL_ENABLE_DEBUG_INFO = INCLUDE_SOURCE;
				MTL_FAST_MATH = YES;
				ONLY_ACTIVE_ARCH = YES;
				PRODUCT_NAME = "$(TARGET_NAME)";
				SDKROOT = iphoneos;
				SWIFT_ACTIVE_COMPILATION_CONDITIONS = DEBUG;
				SWIFT_OPTIMIZATION_LEVEL = "-Onone";
				SWIFT_STRICT_CONCURRENCY = complete;
				SWIFT_VERSION = 6.0;
				TARGETED_DEVICE_FAMILY = "1,2";
			};
			name = Debug;
		};
/* End XCBuildConfiguration section */

/* Begin XCConfigurationList section */
		1D75ACADD329A89E0D1A5223 /* Build configuration list for PBXNativeTarget "GlaceSigner" */ = {
			isa = XCConfigurationList;
			buildConfigurations = (
				0CE90625F4827EE85D16383E /* Debug */,
				348C6CD480EC5047D2CA775C /* Release */,
			);
			defaultConfigurationIsVisible = 0;
			defaultConfigurationName = Debug;
		};
		28954CB8C121A7A879D6A560 /* Build configuration list for PBXProject "GlaceSigner" */ = {
			isa = XCConfigurationList;
			buildConfigurations = (
				ED97EE7645ED06EEED04CFA7 /* Debug */,
				C149033C72803B9A6A8EA55B /* Release */,
			);
			defaultConfigurationIsVisible = 0;
			defaultConfigurationName = Debug;
		};
		82868EE204C873CEF010318D /* Build configuration list for PBXNativeTarget "GlaceSignerTests" */ = {
			isa = XCConfigurationList;
			buildConfigurations = (
				68BB2927D9860B5BF77B5EA2 /* Debug */,
				B786DB6FEA1F86E5E5F26631 /* Release */,
			);
			defaultConfigurationIsVisible = 0;
			defaultConfigurationName = Debug;
		};
/* End XCConfigurationList section */

/* Begin XCRemoteSwiftPackageReference section */
		1599659F004CD99FE0CA9155 /* XCRemoteSwiftPackageReference "swift-secp256k1" */ = {
			isa = XCRemoteSwiftPackageReference;
			repositoryURL = "https://github.com/21-DOT-DEV/swift-secp256k1.git";
			requirement = {
				kind = exactVersion;
				version = 0.23.2;
			};
		};
		4142040A6E6D92D37F992F37 /* XCRemoteSwiftPackageReference "ripemd160" */ = {
			isa = XCRemoteSwiftPackageReference;
			repositoryURL = "https://github.com/anquii/ripemd160.git";
			requirement = {
				kind = exactVersion;
				version = 1.0.0;
			};
		};
/* End XCRemoteSwiftPackageReference section */

/* Begin XCSwiftPackageProductDependency section */
		17253041ADBCB150CD3AC4E8 /* P256K */ = {
			isa = XCSwiftPackageProductDependency;
			package = 1599659F004CD99FE0CA9155 /* XCRemoteSwiftPackageReference "swift-secp256k1" */;
			productName = P256K;
		};
		7E15621AA15F2845F4F3AF83 /* RIPEMD160 */ = {
			isa = XCSwiftPackageProductDependency;
			package = 4142040A6E6D92D37F992F37 /* XCRemoteSwiftPackageReference "ripemd160" */;
			productName = RIPEMD160;
		};
/* End XCSwiftPackageProductDependency section */
	};
	rootObject = B73480543E3FCC04491D5B56 /* Project object */;
}
